
Microsoft Visual Studio Solution File, Format Version 12.00
# Visual Studio Version 17
VisualStudioVersion = 17.7.34202.233
MinimumVisualStudioVersion = 10.0.40219.1
Project("{FAE04EC0-301F-11D3-BF4B-00C04F79EFBC}") = "VT-TABANLI-SECİM-GRAFİK", "VT-TABANLI-SECİM-GRAFİK\VT-TABANLI-SECİM-GRAFİK.csproj", "{1EC269F0-2CBA-4E38-B0C3-31AB23B6B53B}"
EndProject
Global
	GlobalSection(SolutionConfigurationPlatforms) = preSolution
		Debug|Any CPU = Debug|Any CPU
		Release|Any CPU = Release|Any CPU
	EndGlobalSection
	GlobalSection(ProjectConfigurationPlatforms) = postSolution
		{1EC269F0-2CBA-4E38-B0C3-31AB23B6B53B}.Debug|Any CPU.ActiveCfg = Debug|Any CPU
		{1EC269F0-2CBA-4E38-B0C3-31AB23B6B53B}.Debug|Any CPU.Build.0 = Debug|Any CPU
		{1EC269F0-2CBA-4E38-B0C3-31AB23B6B53B}.Release|Any CPU.ActiveCfg = Release|Any CPU
		{1EC269F0-2CBA-4E38-B0C3-31AB23B6B53B}.Release|Any CPU.Build.0 = Release|Any CPU
	EndGlobalSection
	GlobalSection(SolutionProperties) = preSolution
		HideSolutionNode = FALSE
	EndGlobalSection
	GlobalSection(ExtensibilityGlobals) = postSolution
		SolutionGuid = {C4E49EB2-CE41-400B-A563-BC47A8A3A7DA}
	EndGlobalSection
EndGlobal
